
Microsoft Visual Studio Solution File, Format Version 12.00
# Visual Studio Version 16
VisualStudioVersion = 16.0.29728.190
MinimumVisualStudioVersion = 10.0.40219.1
Project("{FAE04EC0-301F-11D3-BF4B-00C04F79EFBC}") = "HomeworkCurs2", "HomeworkCurs2\HomeworkCurs2.csproj", "{40C9A97B-32D3-4738-916A-086266B452EC}"
EndProject
Global
	GlobalSection(SolutionConfigurationPlatforms) = preSolution
		Debug|Any CPU = Debug|Any CPU
		Release|Any CPU = Release|Any CPU
	EndGlobalSection
	GlobalSection(ProjectConfigurationPlatforms) = postSolution
		{40C9A97B-32D3-4738-916A-086266B452EC}.Debug|Any CPU.ActiveCfg = Debug|Any CPU
		{40C9A97B-32D3-4738-916A-086266B452EC}.Debug|Any CPU.Build.0 = Debug|Any CPU
		{40C9A97B-32D3-4738-916A-086266B452EC}.Release|Any CPU.ActiveCfg = Release|Any CPU
		{40C9A97B-32D3-4738-916A-086266B452EC}.Release|Any CPU.Build.0 = Release|Any CPU
	EndGlobalSection
	GlobalSection(SolutionProperties) = preSolution
		HideSolutionNode = FALSE
	EndGlobalSection
	GlobalSection(ExtensibilityGlobals) = postSolution
		SolutionGuid = {36AFE681-4A35-465D-8BB7-25B5C892E5D4}
	EndGlobalSection
EndGlobal
