
Microsoft Visual Studio Solution File, Format Version 12.00
# Visual Studio Version 16
VisualStudioVersion = 16.0.29728.190
MinimumVisualStudioVersion = 10.0.40219.1
Project("{FAE04EC0-301F-11D3-BF4B-00C04F79EFBC}") = "probl6", "probl6\probl6.csproj", "{DB45087B-80DB-4781-8A10-E04351F7667E}"
EndProject
Global
	GlobalSection(SolutionConfigurationPlatforms) = preSolution
		Debug|Any CPU = Debug|Any CPU
		Release|Any CPU = Release|Any CPU
	EndGlobalSection
	GlobalSection(ProjectConfigurationPlatforms) = postSolution
		{DB45087B-80DB-4781-8A10-E04351F7667E}.Debug|Any CPU.ActiveCfg = Debug|Any CPU
		{DB45087B-80DB-4781-8A10-E04351F7667E}.Debug|Any CPU.Build.0 = Debug|Any CPU
		{DB45087B-80DB-4781-8A10-E04351F7667E}.Release|Any CPU.ActiveCfg = Release|Any CPU
		{DB45087B-80DB-4781-8A10-E04351F7667E}.Release|Any CPU.Build.0 = Release|Any CPU
	EndGlobalSection
	GlobalSection(SolutionProperties) = preSolution
		HideSolutionNode = FALSE
	EndGlobalSection
	GlobalSection(ExtensibilityGlobals) = postSolution
		SolutionGuid = {6D3C7C6D-438F-4FD4-8B53-FF118F459B93}
	EndGlobalSection
EndGlobal
