
Microsoft Visual Studio Solution File, Format Version 12.00
# Visual Studio Version 16
VisualStudioVersion = 16.0.29728.190
MinimumVisualStudioVersion = 10.0.40219.1
Project("{FAE04EC0-301F-11D3-BF4B-00C04F79EFBC}") = "2.9", "2.9\2.9.csproj", "{FFDA4A7D-67B2-4B80-A43D-1D59DA511375}"
EndProject
Global
	GlobalSection(SolutionConfigurationPlatforms) = preSolution
		Debug|Any CPU = Debug|Any CPU
		Release|Any CPU = Release|Any CPU
	EndGlobalSection
	GlobalSection(ProjectConfigurationPlatforms) = postSolution
		{FFDA4A7D-67B2-4B80-A43D-1D59DA511375}.Debug|Any CPU.ActiveCfg = Debug|Any CPU
		{FFDA4A7D-67B2-4B80-A43D-1D59DA511375}.Debug|Any CPU.Build.0 = Debug|Any CPU
		{FFDA4A7D-67B2-4B80-A43D-1D59DA511375}.Release|Any CPU.ActiveCfg = Release|Any CPU
		{FFDA4A7D-67B2-4B80-A43D-1D59DA511375}.Release|Any CPU.Build.0 = Release|Any CPU
	EndGlobalSection
	GlobalSection(SolutionProperties) = preSolution
		HideSolutionNode = FALSE
	EndGlobalSection
	GlobalSection(ExtensibilityGlobals) = postSolution
		SolutionGuid = {6096681B-9A7D-45C6-8186-858DBE0304AA}
	EndGlobalSection
EndGlobal
