
Microsoft Visual Studio Solution File, Format Version 12.00
# Visual Studio Version 16
VisualStudioVersion = 16.0.29728.190
MinimumVisualStudioVersion = 10.0.40219.1
Project("{FAE04EC0-301F-11D3-BF4B-00C04F79EFBC}") = "2.4", "2.4\2.4.csproj", "{80B80D6B-0EF7-477C-AA8C-C10CCA3BA942}"
EndProject
Global
	GlobalSection(SolutionConfigurationPlatforms) = preSolution
		Debug|Any CPU = Debug|Any CPU
		Release|Any CPU = Release|Any CPU
	EndGlobalSection
	GlobalSection(ProjectConfigurationPlatforms) = postSolution
		{80B80D6B-0EF7-477C-AA8C-C10CCA3BA942}.Debug|Any CPU.ActiveCfg = Debug|Any CPU
		{80B80D6B-0EF7-477C-AA8C-C10CCA3BA942}.Debug|Any CPU.Build.0 = Debug|Any CPU
		{80B80D6B-0EF7-477C-AA8C-C10CCA3BA942}.Release|Any CPU.ActiveCfg = Release|Any CPU
		{80B80D6B-0EF7-477C-AA8C-C10CCA3BA942}.Release|Any CPU.Build.0 = Release|Any CPU
	EndGlobalSection
	GlobalSection(SolutionProperties) = preSolution
		HideSolutionNode = FALSE
	EndGlobalSection
	GlobalSection(ExtensibilityGlobals) = postSolution
		SolutionGuid = {1906E03A-B571-4490-84F1-D8D72AC37094}
	EndGlobalSection
EndGlobal
